
Microsoft Visual Studio Solution File, Format Version 12.00
# Visual Studio Version 17
VisualStudioVersion = 17.3.32929.385
MinimumVisualStudioVersion = 10.0.40219.1
Project("{9A19103F-16F7-4668-BE54-9A1E7A4F7556}") = "1-Variables", "1-Variables\1-Variables.csproj", "{03A29A88-3CB1-4D54-A532-862C3CD7371F}"
EndProject
Project("{9A19103F-16F7-4668-BE54-9A1E7A4F7556}") = "2-TipoDato", "2-TipoDato\2-TipoDato.csproj", "{DB7F8295-8C46-47D8-8AE0-E5BD01E8AA47}"
EndProject
Project("{9A19103F-16F7-4668-BE54-9A1E7A4F7556}") = "3-Funciones", "Funciones\3-Funciones.csproj", "{B7A2E245-31EE-4D3F-8B99-1FE225AD570D}"
EndProject
Project("{9A19103F-16F7-4668-BE54-9A1E7A4F7556}") = "4-SentenciaIf", "SentenciaIf\4-SentenciaIf.csproj", "{45AEDF16-B218-4524-A950-67A45EE1041F}"
EndProject
Project("{9A19103F-16F7-4668-BE54-9A1E7A4F7556}") = "5-Switch", "Switch\5-Switch.csproj", "{EB94EFE7-7A1F-4138-82B4-5C84243CBB32}"
EndProject
Project("{9A19103F-16F7-4668-BE54-9A1E7A4F7556}") = "6-Arrays", "Arrays\6-Arrays.csproj", "{111D6E92-EE47-4FD8-93B9-7F90D2A54374}"
EndProject
Project("{9A19103F-16F7-4668-BE54-9A1E7A4F7556}") = "7-While", "While\7-While.csproj", "{C7A2183E-EED5-4343-9F7A-2B2DFED67041}"
EndProject
Project("{9A19103F-16F7-4668-BE54-9A1E7A4F7556}") = "8-SentenciaFor", "SentenciaFor\8-SentenciaFor.csproj", "{47842907-9F2E-464C-940C-258ED81F317E}"
EndProject
Project("{9A19103F-16F7-4668-BE54-9A1E7A4F7556}") = "9-ClasesObjetos", "ClasesObjetos\9-ClasesObjetos.csproj", "{4F672F15-A9C4-44C8-9E8E-427B9E0D8421}"
EndProject
Project("{9A19103F-16F7-4668-BE54-9A1E7A4F7556}") = "10-Propiedades", "Propiedades\10-Propiedades.csproj", "{EEA4207C-5515-43F8-BD6A-C9D15D08F804}"
EndProject
Project("{9A19103F-16F7-4668-BE54-9A1E7A4F7556}") = "11Herencia", "Herencia\11Herencia.csproj", "{4A73A1C7-F240-4A6E-96BF-DEC61608C1A8}"
EndProject
Project("{9A19103F-16F7-4668-BE54-9A1E7A4F7556}") = "12-Sobrecarga", "Sobrecarga\12-Sobrecarga.csproj", "{E9F47A59-E02E-4823-965A-B0958FAD099C}"
EndProject
Project("{9A19103F-16F7-4668-BE54-9A1E7A4F7556}") = "13-SobreEscritura", "SobreEscritura\13-SobreEscritura.csproj", "{91F0F2FF-DE45-4B02-B9E8-6E3E8AEC6AF6}"
EndProject
Project("{9A19103F-16F7-4668-BE54-9A1E7A4F7556}") = "14-Static", "Static\14-Static.csproj", "{DEBACE34-86BE-461E-B923-8F12B19D073A}"
EndProject
Project("{9A19103F-16F7-4668-BE54-9A1E7A4F7556}") = "15-Interface", "Interface\15-Interface.csproj", "{0BDAEA9E-4F3A-4C9B-BF0F-11D963F9857B}"
EndProject
Project("{9A19103F-16F7-4668-BE54-9A1E7A4F7556}") = "16-Generics", "Generics\16-Generics.csproj", "{BE0A621F-9E11-4AB4-B82D-AE75D0DC4F33}"
EndProject
Project("{9A19103F-16F7-4668-BE54-9A1E7A4F7556}") = "17-JSON", "JSON\17-JSON.csproj", "{08DF2D19-1938-47DD-A929-A2889105545B}"
EndProject
Project("{9A19103F-16F7-4668-BE54-9A1E7A4F7556}") = "18-Listas", "Listas\18-Listas.csproj", "{7F4FE959-5A1C-4478-ADA7-83F1308F23B2}"
EndProject
Project("{9A19103F-16F7-4668-BE54-9A1E7A4F7556}") = "19-ForEach", "ForEach\19-ForEach.csproj", "{9DD8F6F6-2C04-4A0A-AD83-AB373CBFA753}"
EndProject
Project("{9A19103F-16F7-4668-BE54-9A1E7A4F7556}") = "20-Anonimos", "Anonimos\20-Anonimos.csproj", "{BA97E73F-2EBA-4D04-850D-D8377A0D173D}"
EndProject
Project("{9A19103F-16F7-4668-BE54-9A1E7A4F7556}") = "21-Tupla", "Tupla\21-Tupla.csproj", "{B0D4182A-6EC4-4DDE-98BD-D655F18AF8E8}"
EndProject
Project("{9A19103F-16F7-4668-BE54-9A1E7A4F7556}") = "22-Excepcion", "Excepcion\22-Excepcion.csproj", "{A67A3806-0DE6-4048-8B97-AF0CAD615A18}"
EndProject
Project("{9A19103F-16F7-4668-BE54-9A1E7A4F7556}") = "23-LINQ", "LINQ\23-LINQ.csproj", "{B3A2D023-DA9F-4555-9736-B3235F1B814F}"
EndProject
Project("{9A19103F-16F7-4668-BE54-9A1E7A4F7556}") = "24-BaseDeDatos", "BaseDeDatos\24-BaseDeDatos.csproj", "{C1D6F8AF-E6E0-43A9-B843-D1F902BFB46E}"
EndProject
Project("{FAE04EC0-301F-11D3-BF4B-00C04F79EFBC}") = "BD", "BD\BD.csproj", "{B222524F-CEE8-44EE-8A1B-AE683640F0BB}"
EndProject
Project("{FAE04EC0-301F-11D3-BF4B-00C04F79EFBC}") = "25-EntityFrameworkSystem", "EntityFrameworkSystem\25-EntityFrameworkSystem.csproj", "{6BFCDE1E-5FF6-47B3-B514-56551BA42F4E}"
EndProject
Project("{FAE04EC0-301F-11D3-BF4B-00C04F79EFBC}") = "26-ProgramacionFuncional", "ProgramacionFuncional\26-ProgramacionFuncional.csproj", "{449EB454-5EF5-40BF-A451-EBB6EF6402FC}"
EndProject
Global
	GlobalSection(SolutionConfigurationPlatforms) = preSolution
		Debug|Any CPU = Debug|Any CPU
		Release|Any CPU = Release|Any CPU
	EndGlobalSection
	GlobalSection(ProjectConfigurationPlatforms) = postSolution
		{03A29A88-3CB1-4D54-A532-862C3CD7371F}.Debug|Any CPU.ActiveCfg = Debug|Any CPU
		{03A29A88-3CB1-4D54-A532-862C3CD7371F}.Debug|Any CPU.Build.0 = Debug|Any CPU
		{03A29A88-3CB1-4D54-A532-862C3CD7371F}.Release|Any CPU.ActiveCfg = Release|Any CPU
		{03A29A88-3CB1-4D54-A532-862C3CD7371F}.Release|Any CPU.Build.0 = Release|Any CPU
		{DB7F8295-8C46-47D8-8AE0-E5BD01E8AA47}.Debug|Any CPU.ActiveCfg = Debug|Any CPU
		{DB7F8295-8C46-47D8-8AE0-E5BD01E8AA47}.Debug|Any CPU.Build.0 = Debug|Any CPU
		{DB7F8295-8C46-47D8-8AE0-E5BD01E8AA47}.Release|Any CPU.ActiveCfg = Release|Any CPU
		{DB7F8295-8C46-47D8-8AE0-E5BD01E8AA47}.Release|Any CPU.Build.0 = Release|Any CPU
		{B7A2E245-31EE-4D3F-8B99-1FE225AD570D}.Debug|Any CPU.ActiveCfg = Debug|Any CPU
		{B7A2E245-31EE-4D3F-8B99-1FE225AD570D}.Debug|Any CPU.Build.0 = Debug|Any CPU
		{B7A2E245-31EE-4D3F-8B99-1FE225AD570D}.Release|Any CPU.ActiveCfg = Release|Any CPU
		{B7A2E245-31EE-4D3F-8B99-1FE225AD570D}.Release|Any CPU.Build.0 = Release|Any CPU
		{45AEDF16-B218-4524-A950-67A45EE1041F}.Debug|Any CPU.ActiveCfg = Debug|Any CPU
		{45AEDF16-B218-4524-A950-67A45EE1041F}.Debug|Any CPU.Build.0 = Debug|Any CPU
		{45AEDF16-B218-4524-A950-67A45EE1041F}.Release|Any CPU.ActiveCfg = Release|Any CPU
		{45AEDF16-B218-4524-A950-67A45EE1041F}.Release|Any CPU.Build.0 = Release|Any CPU
		{EB94EFE7-7A1F-4138-82B4-5C84243CBB32}.Debug|Any CPU.ActiveCfg = Debug|Any CPU
		{EB94EFE7-7A1F-4138-82B4-5C84243CBB32}.Debug|Any CPU.Build.0 = Debug|Any CPU
		{EB94EFE7-7A1F-4138-82B4-5C84243CBB32}.Release|Any CPU.ActiveCfg = Release|Any CPU
		{EB94EFE7-7A1F-4138-82B4-5C84243CBB32}.Release|Any CPU.Build.0 = Release|Any CPU
		{111D6E92-EE47-4FD8-93B9-7F90D2A54374}.Debug|Any CPU.ActiveCfg = Debug|Any CPU
		{111D6E92-EE47-4FD8-93B9-7F90D2A54374}.Debug|Any CPU.Build.0 = Debug|Any CPU
		{111D6E92-EE47-4FD8-93B9-7F90D2A54374}.Release|Any CPU.ActiveCfg = Release|Any CPU
		{111D6E92-EE47-4FD8-93B9-7F90D2A54374}.Release|Any CPU.Build.0 = Release|Any CPU
		{C7A2183E-EED5-4343-9F7A-2B2DFED67041}.Debug|Any CPU.ActiveCfg = Debug|Any CPU
		{C7A2183E-EED5-4343-9F7A-2B2DFED67041}.Debug|Any CPU.Build.0 = Debug|Any CPU
		{C7A2183E-EED5-4343-9F7A-2B2DFED67041}.Release|Any CPU.ActiveCfg = Release|Any CPU
		{C7A2183E-EED5-4343-9F7A-2B2DFED67041}.Release|Any CPU.Build.0 = Release|Any CPU
		{47842907-9F2E-464C-940C-258ED81F317E}.Debug|Any CPU.ActiveCfg = Debug|Any CPU
		{47842907-9F2E-464C-940C-258ED81F317E}.Debug|Any CPU.Build.0 = Debug|Any CPU
		{47842907-9F2E-464C-940C-258ED81F317E}.Release|Any CPU.ActiveCfg = Release|Any CPU
		{47842907-9F2E-464C-940C-258ED81F317E}.Release|Any CPU.Build.0 = Release|Any CPU
		{4F672F15-A9C4-44C8-9E8E-427B9E0D8421}.Debug|Any CPU.ActiveCfg = Debug|Any CPU
		{4F672F15-A9C4-44C8-9E8E-427B9E0D8421}.Debug|Any CPU.Build.0 = Debug|Any CPU
		{4F672F15-A9C4-44C8-9E8E-427B9E0D8421}.Release|Any CPU.ActiveCfg = Release|Any CPU
		{4F672F15-A9C4-44C8-9E8E-427B9E0D8421}.Release|Any CPU.Build.0 = Release|Any CPU
		{EEA4207C-5515-43F8-BD6A-C9D15D08F804}.Debug|Any CPU.ActiveCfg = Debug|Any CPU
		{EEA4207C-5515-43F8-BD6A-C9D15D08F804}.Debug|Any CPU.Build.0 = Debug|Any CPU
		{EEA4207C-5515-43F8-BD6A-C9D15D08F804}.Release|Any CPU.ActiveCfg = Release|Any CPU
		{EEA4207C-5515-43F8-BD6A-C9D15D08F804}.Release|Any CPU.Build.0 = Release|Any CPU
		{4A73A1C7-F240-4A6E-96BF-DEC61608C1A8}.Debug|Any CPU.ActiveCfg = Debug|Any CPU
		{4A73A1C7-F240-4A6E-96BF-DEC61608C1A8}.Debug|Any CPU.Build.0 = Debug|Any CPU
		{4A73A1C7-F240-4A6E-96BF-DEC61608C1A8}.Release|Any CPU.ActiveCfg = Release|Any CPU
		{4A73A1C7-F240-4A6E-96BF-DEC61608C1A8}.Release|Any CPU.Build.0 = Release|Any CPU
		{E9F47A59-E02E-4823-965A-B0958FAD099C}.Debug|Any CPU.ActiveCfg = Debug|Any CPU
		{E9F47A59-E02E-4823-965A-B0958FAD099C}.Debug|Any CPU.Build.0 = Debug|Any CPU
		{E9F47A59-E02E-4823-965A-B0958FAD099C}.Release|Any CPU.ActiveCfg = Release|Any CPU
		{E9F47A59-E02E-4823-965A-B0958FAD099C}.Release|Any CPU.Build.0 = Release|Any CPU
		{91F0F2FF-DE45-4B02-B9E8-6E3E8AEC6AF6}.Debug|Any CPU.ActiveCfg = Debug|Any CPU
		{91F0F2FF-DE45-4B02-B9E8-6E3E8AEC6AF6}.Debug|Any CPU.Build.0 = Debug|Any CPU
		{91F0F2FF-DE45-4B02-B9E8-6E3E8AEC6AF6}.Release|Any CPU.ActiveCfg = Release|Any CPU
		{91F0F2FF-DE45-4B02-B9E8-6E3E8AEC6AF6}.Release|Any CPU.Build.0 = Release|Any CPU
		{DEBACE34-86BE-461E-B923-8F12B19D073A}.Debug|Any CPU.ActiveCfg = Debug|Any CPU
		{DEBACE34-86BE-461E-B923-8F12B19D073A}.Debug|Any CPU.Build.0 = Debug|Any CPU
		{DEBACE34-86BE-461E-B923-8F12B19D073A}.Release|Any CPU.ActiveCfg = Release|Any CPU
		{DEBACE34-86BE-461E-B923-8F12B19D073A}.Release|Any CPU.Build.0 = Release|Any CPU
		{0BDAEA9E-4F3A-4C9B-BF0F-11D963F9857B}.Debug|Any CPU.ActiveCfg = Debug|Any CPU
		{0BDAEA9E-4F3A-4C9B-BF0F-11D963F9857B}.Debug|Any CPU.Build.0 = Debug|Any CPU
		{0BDAEA9E-4F3A-4C9B-BF0F-11D963F9857B}.Release|Any CPU.ActiveCfg = Release|Any CPU
		{0BDAEA9E-4F3A-4C9B-BF0F-11D963F9857B}.Release|Any CPU.Build.0 = Release|Any CPU
		{BE0A621F-9E11-4AB4-B82D-AE75D0DC4F33}.Debug|Any CPU.ActiveCfg = Debug|Any CPU
		{BE0A621F-9E11-4AB4-B82D-AE75D0DC4F33}.Debug|Any CPU.Build.0 = Debug|Any CPU
		{BE0A621F-9E11-4AB4-B82D-AE75D0DC4F33}.Release|Any CPU.ActiveCfg = Release|Any CPU
		{BE0A621F-9E11-4AB4-B82D-AE75D0DC4F33}.Release|Any CPU.Build.0 = Release|Any CPU
		{08DF2D19-1938-47DD-A929-A2889105545B}.Debug|Any CPU.ActiveCfg = Debug|Any CPU
		{08DF2D19-1938-47DD-A929-A2889105545B}.Debug|Any CPU.Build.0 = Debug|Any CPU
		{08DF2D19-1938-47DD-A929-A2889105545B}.Release|Any CPU.ActiveCfg = Release|Any CPU
		{08DF2D19-1938-47DD-A929-A2889105545B}.Release|Any CPU.Build.0 = Release|Any CPU
		{7F4FE959-5A1C-4478-ADA7-83F1308F23B2}.Debug|Any CPU.ActiveCfg = Debug|Any CPU
		{7F4FE959-5A1C-4478-ADA7-83F1308F23B2}.Debug|Any CPU.Build.0 = Debug|Any CPU
		{7F4FE959-5A1C-4478-ADA7-83F1308F23B2}.Release|Any CPU.ActiveCfg = Release|Any CPU
		{7F4FE959-5A1C-4478-ADA7-83F1308F23B2}.Release|Any CPU.Build.0 = Release|Any CPU
		{9DD8F6F6-2C04-4A0A-AD83-AB373CBFA753}.Debug|Any CPU.ActiveCfg = Debug|Any CPU
		{9DD8F6F6-2C04-4A0A-AD83-AB373CBFA753}.Debug|Any CPU.Build.0 = Debug|Any CPU
		{9DD8F6F6-2C04-4A0A-AD83-AB373CBFA753}.Release|Any CPU.ActiveCfg = Release|Any CPU
		{9DD8F6F6-2C04-4A0A-AD83-AB373CBFA753}.Release|Any CPU.Build.0 = Release|Any CPU
		{BA97E73F-2EBA-4D04-850D-D8377A0D173D}.Debug|Any CPU.ActiveCfg = Debug|Any CPU
		{BA97E73F-2EBA-4D04-850D-D8377A0D173D}.Debug|Any CPU.Build.0 = Debug|Any CPU
		{BA97E73F-2EBA-4D04-850D-D8377A0D173D}.Release|Any CPU.ActiveCfg = Release|Any CPU
		{BA97E73F-2EBA-4D04-850D-D8377A0D173D}.Release|Any CPU.Build.0 = Release|Any CPU
		{B0D4182A-6EC4-4DDE-98BD-D655F18AF8E8}.Debug|Any CPU.ActiveCfg = Debug|Any CPU
		{B0D4182A-6EC4-4DDE-98BD-D655F18AF8E8}.Debug|Any CPU.Build.0 = Debug|Any CPU
		{B0D4182A-6EC4-4DDE-98BD-D655F18AF8E8}.Release|Any CPU.ActiveCfg = Release|Any CPU
		{B0D4182A-6EC4-4DDE-98BD-D655F18AF8E8}.Release|Any CPU.Build.0 = Release|Any CPU
		{A67A3806-0DE6-4048-8B97-AF0CAD615A18}.Debug|Any CPU.ActiveCfg = Debug|Any CPU
		{A67A3806-0DE6-4048-8B97-AF0CAD615A18}.Debug|Any CPU.Build.0 = Debug|Any CPU
		{A67A3806-0DE6-4048-8B97-AF0CAD615A18}.Release|Any CPU.ActiveCfg = Release|Any CPU
		{A67A3806-0DE6-4048-8B97-AF0CAD615A18}.Release|Any CPU.Build.0 = Release|Any CPU
		{B3A2D023-DA9F-4555-9736-B3235F1B814F}.Debug|Any CPU.ActiveCfg = Debug|Any CPU
		{B3A2D023-DA9F-4555-9736-B3235F1B814F}.Debug|Any CPU.Build.0 = Debug|Any CPU
		{B3A2D023-DA9F-4555-9736-B3235F1B814F}.Release|Any CPU.ActiveCfg = Release|Any CPU
		{B3A2D023-DA9F-4555-9736-B3235F1B814F}.Release|Any CPU.Build.0 = Release|Any CPU
		{C1D6F8AF-E6E0-43A9-B843-D1F902BFB46E}.Debug|Any CPU.ActiveCfg = Debug|Any CPU
		{C1D6F8AF-E6E0-43A9-B843-D1F902BFB46E}.Debug|Any CPU.Build.0 = Debug|Any CPU
		{C1D6F8AF-E6E0-43A9-B843-D1F902BFB46E}.Release|Any CPU.ActiveCfg = Release|Any CPU
		{C1D6F8AF-E6E0-43A9-B843-D1F902BFB46E}.Release|Any CPU.Build.0 = Release|Any CPU
		{B222524F-CEE8-44EE-8A1B-AE683640F0BB}.Debug|Any CPU.ActiveCfg = Debug|Any CPU
		{B222524F-CEE8-44EE-8A1B-AE683640F0BB}.Debug|Any CPU.Build.0 = Debug|Any CPU
		{B222524F-CEE8-44EE-8A1B-AE683640F0BB}.Release|Any CPU.ActiveCfg = Release|Any CPU
		{B222524F-CEE8-44EE-8A1B-AE683640F0BB}.Release|Any CPU.Build.0 = Release|Any CPU
		{6BFCDE1E-5FF6-47B3-B514-56551BA42F4E}.Debug|Any CPU.ActiveCfg = Debug|Any CPU
		{6BFCDE1E-5FF6-47B3-B514-56551BA42F4E}.Debug|Any CPU.Build.0 = Debug|Any CPU
		{6BFCDE1E-5FF6-47B3-B514-56551BA42F4E}.Release|Any CPU.ActiveCfg = Release|Any CPU
		{6BFCDE1E-5FF6-47B3-B514-56551BA42F4E}.Release|Any CPU.Build.0 = Release|Any CPU
		{449EB454-5EF5-40BF-A451-EBB6EF6402FC}.Debug|Any CPU.ActiveCfg = Debug|Any CPU
		{449EB454-5EF5-40BF-A451-EBB6EF6402FC}.Debug|Any CPU.Build.0 = Debug|Any CPU
		{449EB454-5EF5-40BF-A451-EBB6EF6402FC}.Release|Any CPU.ActiveCfg = Release|Any CPU
		{449EB454-5EF5-40BF-A451-EBB6EF6402FC}.Release|Any CPU.Build.0 = Release|Any CPU
	EndGlobalSection
	GlobalSection(SolutionProperties) = preSolution
		HideSolutionNode = FALSE
	EndGlobalSection
	GlobalSection(ExtensibilityGlobals) = postSolution
		SolutionGuid = {9AEB2043-1029-4492-B76F-BE23E951454A}
	EndGlobalSection
EndGlobal
